
Microsoft Visual Studio Solution File, Format Version 12.00
# Visual Studio 15
VisualStudioVersion = 15.0.28307.168
MinimumVisualStudioVersion = 10.0.40219.1
Project("{FAE04EC0-301F-11D3-BF4B-00C04F79EFBC}") = "Recursion", "Recursion\Recursion.csproj", "{CF3F72D1-BB0B-4CA0-B417-BA2C773C7952}"
EndProject
Global
	GlobalSection(SolutionConfigurationPlatforms) = preSolution
		Debug|Any CPU = Debug|Any CPU
		Release|Any CPU = Release|Any CPU
	EndGlobalSection
	GlobalSection(ProjectConfigurationPlatforms) = postSolution
		{CF3F72D1-BB0B-4CA0-B417-BA2C773C7952}.Debug|Any CPU.ActiveCfg = Debug|Any CPU
		{CF3F72D1-BB0B-4CA0-B417-BA2C773C7952}.Debug|Any CPU.Build.0 = Debug|Any CPU
		{CF3F72D1-BB0B-4CA0-B417-BA2C773C7952}.Release|Any CPU.ActiveCfg = Release|Any CPU
		{CF3F72D1-BB0B-4CA0-B417-BA2C773C7952}.Release|Any CPU.Build.0 = Release|Any CPU
	EndGlobalSection
	GlobalSection(SolutionProperties) = preSolution
		HideSolutionNode = FALSE
	EndGlobalSection
	GlobalSection(ExtensibilityGlobals) = postSolution
		SolutionGuid = {2EB8AAA8-9E9B-427F-805C-261A7EDE2494}
	EndGlobalSection
EndGlobal
