
Microsoft Visual Studio Solution File, Format Version 12.00
# Visual Studio Version 16
VisualStudioVersion = 16.0.29201.188
MinimumVisualStudioVersion = 10.0.40219.1
Project("{FAE04EC0-301F-11D3-BF4B-00C04F79EFBC}") = "ForIteration", "ForIteration\ForIteration.csproj", "{1FC5552D-3F2B-47F9-9BB2-DBCDF2920220}"
EndProject
Global
	GlobalSection(SolutionConfigurationPlatforms) = preSolution
		Debug|Any CPU = Debug|Any CPU
		Release|Any CPU = Release|Any CPU
	EndGlobalSection
	GlobalSection(ProjectConfigurationPlatforms) = postSolution
		{1FC5552D-3F2B-47F9-9BB2-DBCDF2920220}.Debug|Any CPU.ActiveCfg = Debug|Any CPU
		{1FC5552D-3F2B-47F9-9BB2-DBCDF2920220}.Debug|Any CPU.Build.0 = Debug|Any CPU
		{1FC5552D-3F2B-47F9-9BB2-DBCDF2920220}.Release|Any CPU.ActiveCfg = Release|Any CPU
		{1FC5552D-3F2B-47F9-9BB2-DBCDF2920220}.Release|Any CPU.Build.0 = Release|Any CPU
	EndGlobalSection
	GlobalSection(SolutionProperties) = preSolution
		HideSolutionNode = FALSE
	EndGlobalSection
	GlobalSection(ExtensibilityGlobals) = postSolution
		SolutionGuid = {580E6B24-13F3-460E-AD0E-901919869870}
	EndGlobalSection
EndGlobal
