
Microsoft Visual Studio Solution File, Format Version 12.00
# Visual Studio Version 16
VisualStudioVersion = 16.0.29201.188
MinimumVisualStudioVersion = 10.0.40219.1
Project("{FAE04EC0-301F-11D3-BF4B-00C04F79EFBC}") = "SimpleMethod", "SimpleMethod\SimpleMethod.csproj", "{AD8F0409-04FF-425C-A090-16E14A8BD01C}"
EndProject
Global
	GlobalSection(SolutionConfigurationPlatforms) = preSolution
		Debug|Any CPU = Debug|Any CPU
		Release|Any CPU = Release|Any CPU
	EndGlobalSection
	GlobalSection(ProjectConfigurationPlatforms) = postSolution
		{AD8F0409-04FF-425C-A090-16E14A8BD01C}.Debug|Any CPU.ActiveCfg = Debug|Any CPU
		{AD8F0409-04FF-425C-A090-16E14A8BD01C}.Debug|Any CPU.Build.0 = Debug|Any CPU
		{AD8F0409-04FF-425C-A090-16E14A8BD01C}.Release|Any CPU.ActiveCfg = Release|Any CPU
		{AD8F0409-04FF-425C-A090-16E14A8BD01C}.Release|Any CPU.Build.0 = Release|Any CPU
	EndGlobalSection
	GlobalSection(SolutionProperties) = preSolution
		HideSolutionNode = FALSE
	EndGlobalSection
	GlobalSection(ExtensibilityGlobals) = postSolution
		SolutionGuid = {68416271-DDC5-433C-BAD6-5AD7AB21C17D}
	EndGlobalSection
EndGlobal
