
Microsoft Visual Studio Solution File, Format Version 12.00
# Visual Studio Version 16
VisualStudioVersion = 16.0.29215.179
MinimumVisualStudioVersion = 10.0.40219.1
Project("{FAE04EC0-301F-11D3-BF4B-00C04F79EFBC}") = "MyCodeLibrary", "MyCodeLibrary\MyCodeLibrary.csproj", "{B05824E0-AD3A-4720-B2ED-45BFA2311A02}"
EndProject
Global
	GlobalSection(SolutionConfigurationPlatforms) = preSolution
		Debug|Any CPU = Debug|Any CPU
		Release|Any CPU = Release|Any CPU
	EndGlobalSection
	GlobalSection(ProjectConfigurationPlatforms) = postSolution
		{B05824E0-AD3A-4720-B2ED-45BFA2311A02}.Debug|Any CPU.ActiveCfg = Debug|Any CPU
		{B05824E0-AD3A-4720-B2ED-45BFA2311A02}.Debug|Any CPU.Build.0 = Debug|Any CPU
		{B05824E0-AD3A-4720-B2ED-45BFA2311A02}.Release|Any CPU.ActiveCfg = Release|Any CPU
		{B05824E0-AD3A-4720-B2ED-45BFA2311A02}.Release|Any CPU.Build.0 = Release|Any CPU
	EndGlobalSection
	GlobalSection(SolutionProperties) = preSolution
		HideSolutionNode = FALSE
	EndGlobalSection
	GlobalSection(ExtensibilityGlobals) = postSolution
		SolutionGuid = {71469C14-0B20-4756-8F4E-F5550F8FF4A7}
	EndGlobalSection
EndGlobal
