
Microsoft Visual Studio Solution File, Format Version 12.00
# Visual Studio Version 16
VisualStudioVersion = 16.0.29215.179
MinimumVisualStudioVersion = 10.0.40219.1
Project("{FAE04EC0-301F-11D3-BF4B-00C04F79EFBC}") = "DatesAndTimes", "DatesAndTimes\DatesAndTimes.csproj", "{CEF9BD71-6015-4487-A4E1-CE6C3D084CA0}"
EndProject
Global
	GlobalSection(SolutionConfigurationPlatforms) = preSolution
		Debug|Any CPU = Debug|Any CPU
		Release|Any CPU = Release|Any CPU
	EndGlobalSection
	GlobalSection(ProjectConfigurationPlatforms) = postSolution
		{CEF9BD71-6015-4487-A4E1-CE6C3D084CA0}.Debug|Any CPU.ActiveCfg = Debug|Any CPU
		{CEF9BD71-6015-4487-A4E1-CE6C3D084CA0}.Debug|Any CPU.Build.0 = Debug|Any CPU
		{CEF9BD71-6015-4487-A4E1-CE6C3D084CA0}.Release|Any CPU.ActiveCfg = Release|Any CPU
		{CEF9BD71-6015-4487-A4E1-CE6C3D084CA0}.Release|Any CPU.Build.0 = Release|Any CPU
	EndGlobalSection
	GlobalSection(SolutionProperties) = preSolution
		HideSolutionNode = FALSE
	EndGlobalSection
	GlobalSection(ExtensibilityGlobals) = postSolution
		SolutionGuid = {542B31F7-60F5-436E-BEF0-BE90B98CDC8C}
	EndGlobalSection
EndGlobal
