
Microsoft Visual Studio Solution File, Format Version 12.00
# Visual Studio Version 16
VisualStudioVersion = 16.0.29306.81
MinimumVisualStudioVersion = 10.0.40219.1
Project("{FAE04EC0-301F-11D3-BF4B-00C04F79EFBC}") = "Module2LabAssess", "Module2LabAssess\Module2LabAssess.csproj", "{D663CBEF-0BAC-47C9-89B4-FB0475223EDB}"
EndProject
Global
	GlobalSection(SolutionConfigurationPlatforms) = preSolution
		Debug|Any CPU = Debug|Any CPU
		Release|Any CPU = Release|Any CPU
	EndGlobalSection
	GlobalSection(ProjectConfigurationPlatforms) = postSolution
		{D663CBEF-0BAC-47C9-89B4-FB0475223EDB}.Debug|Any CPU.ActiveCfg = Debug|Any CPU
		{D663CBEF-0BAC-47C9-89B4-FB0475223EDB}.Debug|Any CPU.Build.0 = Debug|Any CPU
		{D663CBEF-0BAC-47C9-89B4-FB0475223EDB}.Release|Any CPU.ActiveCfg = Release|Any CPU
		{D663CBEF-0BAC-47C9-89B4-FB0475223EDB}.Release|Any CPU.Build.0 = Release|Any CPU
	EndGlobalSection
	GlobalSection(SolutionProperties) = preSolution
		HideSolutionNode = FALSE
	EndGlobalSection
	GlobalSection(ExtensibilityGlobals) = postSolution
		SolutionGuid = {41E5E4F6-4628-4F6E-8C22-A2CFD0FD7930}
	EndGlobalSection
EndGlobal
