
Microsoft Visual Studio Solution File, Format Version 12.00
# Visual Studio Version 16
VisualStudioVersion = 16.0.29306.81
MinimumVisualStudioVersion = 10.0.40219.1
Project("{FAE04EC0-301F-11D3-BF4B-00C04F79EFBC}") = "Mod2Assignment", "Mod2Assignment\Mod2Assignment.csproj", "{B4D8C679-1239-4E99-9DA5-B9FB37602C90}"
EndProject
Global
	GlobalSection(SolutionConfigurationPlatforms) = preSolution
		Debug|Any CPU = Debug|Any CPU
		Release|Any CPU = Release|Any CPU
	EndGlobalSection
	GlobalSection(ProjectConfigurationPlatforms) = postSolution
		{B4D8C679-1239-4E99-9DA5-B9FB37602C90}.Debug|Any CPU.ActiveCfg = Debug|Any CPU
		{B4D8C679-1239-4E99-9DA5-B9FB37602C90}.Debug|Any CPU.Build.0 = Debug|Any CPU
		{B4D8C679-1239-4E99-9DA5-B9FB37602C90}.Release|Any CPU.ActiveCfg = Release|Any CPU
		{B4D8C679-1239-4E99-9DA5-B9FB37602C90}.Release|Any CPU.Build.0 = Release|Any CPU
	EndGlobalSection
	GlobalSection(SolutionProperties) = preSolution
		HideSolutionNode = FALSE
	EndGlobalSection
	GlobalSection(ExtensibilityGlobals) = postSolution
		SolutionGuid = {F7F79059-EB67-4488-BDAF-1BADF5978640}
	EndGlobalSection
EndGlobal
