
Microsoft Visual Studio Solution File, Format Version 12.00
# Visual Studio 15
VisualStudioVersion = 15.0.28307.168
MinimumVisualStudioVersion = 10.0.40219.1
Project("{FAE04EC0-301F-11D3-BF4B-00C04F79EFBC}") = "BMICalculator", "BMICalculator\BMICalculator.csproj", "{FBDC9E01-B60D-4B01-B513-0D8D672BEAE0}"
EndProject
Global
	GlobalSection(SolutionConfigurationPlatforms) = preSolution
		Debug|Any CPU = Debug|Any CPU
		Release|Any CPU = Release|Any CPU
	EndGlobalSection
	GlobalSection(ProjectConfigurationPlatforms) = postSolution
		{FBDC9E01-B60D-4B01-B513-0D8D672BEAE0}.Debug|Any CPU.ActiveCfg = Debug|Any CPU
		{FBDC9E01-B60D-4B01-B513-0D8D672BEAE0}.Debug|Any CPU.Build.0 = Debug|Any CPU
		{FBDC9E01-B60D-4B01-B513-0D8D672BEAE0}.Release|Any CPU.ActiveCfg = Release|Any CPU
		{FBDC9E01-B60D-4B01-B513-0D8D672BEAE0}.Release|Any CPU.Build.0 = Release|Any CPU
	EndGlobalSection
	GlobalSection(SolutionProperties) = preSolution
		HideSolutionNode = FALSE
	EndGlobalSection
	GlobalSection(ExtensibilityGlobals) = postSolution
		SolutionGuid = {4E9790DB-225B-49A0-A9F5-327DC2C443BD}
	EndGlobalSection
EndGlobal
